
Microsoft Visual Studio Solution File, Format Version 10.00
# Visual Studio 2008
Project("{FAE04EC0-301F-11D3-BF4B-00C04F79EFBC}") = "Bot", "Bot\Bot.csproj", "{41758921-8677-423E-9E7F-BDA8CAA341B8}"
EndProject
Project("{2150E333-8FDC-42A3-9474-1A3956D46DE8}") = "Solution Items", "Solution Items", "{2C409011-3092-443B-AA36-2C88A7C63363}"
	ProjectSection(SolutionItems) = preProject
		lib\jabber-net.dll = lib\jabber-net.dll
		lib\log4net.dll = lib\log4net.dll
		lib\netlib.Dns.dll = lib\netlib.Dns.dll
		lib\System.Data.SQLite.DLL = lib\System.Data.SQLite.DLL
		lib\zlib.net.dll = lib\zlib.net.dll
	EndProjectSection
EndProject
Project("{FAE04EC0-301F-11D3-BF4B-00C04F79EFBC}") = "Database", "Database\Database.csproj", "{9B54F57D-66B6-4924-B088-29C26990734F}"
EndProject
Project("{FAE04EC0-301F-11D3-BF4B-00C04F79EFBC}") = "Common", "Common\Common.csproj", "{75F1F983-6D1E-4A7A-A375-75A1A30C8498}"
EndProject
Project("{FAE04EC0-301F-11D3-BF4B-00C04F79EFBC}") = "ExtractLog", "ExtractLog\ExtractLog.csproj", "{2036F205-A227-4F33-8A84-72F4AB9206B3}"
EndProject
Global
	GlobalSection(SubversionScc) = preSolution
		Svn-Managed = True
		Manager = AnkhSVN - Subversion Support for Visual Studio
	EndGlobalSection
	GlobalSection(SolutionConfigurationPlatforms) = preSolution
		Debug|Any CPU = Debug|Any CPU
		Release|Any CPU = Release|Any CPU
	EndGlobalSection
	GlobalSection(ProjectConfigurationPlatforms) = postSolution
		{41758921-8677-423E-9E7F-BDA8CAA341B8}.Debug|Any CPU.ActiveCfg = Debug|Any CPU
		{41758921-8677-423E-9E7F-BDA8CAA341B8}.Debug|Any CPU.Build.0 = Debug|Any CPU
		{41758921-8677-423E-9E7F-BDA8CAA341B8}.Release|Any CPU.ActiveCfg = Release|Any CPU
		{41758921-8677-423E-9E7F-BDA8CAA341B8}.Release|Any CPU.Build.0 = Release|Any CPU
		{9B54F57D-66B6-4924-B088-29C26990734F}.Debug|Any CPU.ActiveCfg = Debug|Any CPU
		{9B54F57D-66B6-4924-B088-29C26990734F}.Debug|Any CPU.Build.0 = Debug|Any CPU
		{9B54F57D-66B6-4924-B088-29C26990734F}.Release|Any CPU.ActiveCfg = Release|Any CPU
		{9B54F57D-66B6-4924-B088-29C26990734F}.Release|Any CPU.Build.0 = Release|Any CPU
		{75F1F983-6D1E-4A7A-A375-75A1A30C8498}.Debug|Any CPU.ActiveCfg = Debug|Any CPU
		{75F1F983-6D1E-4A7A-A375-75A1A30C8498}.Debug|Any CPU.Build.0 = Debug|Any CPU
		{75F1F983-6D1E-4A7A-A375-75A1A30C8498}.Release|Any CPU.ActiveCfg = Release|Any CPU
		{75F1F983-6D1E-4A7A-A375-75A1A30C8498}.Release|Any CPU.Build.0 = Release|Any CPU
		{2036F205-A227-4F33-8A84-72F4AB9206B3}.Debug|Any CPU.ActiveCfg = Debug|Any CPU
		{2036F205-A227-4F33-8A84-72F4AB9206B3}.Debug|Any CPU.Build.0 = Debug|Any CPU
		{2036F205-A227-4F33-8A84-72F4AB9206B3}.Release|Any CPU.ActiveCfg = Release|Any CPU
		{2036F205-A227-4F33-8A84-72F4AB9206B3}.Release|Any CPU.Build.0 = Release|Any CPU
	EndGlobalSection
	GlobalSection(SolutionProperties) = preSolution
		HideSolutionNode = FALSE
	EndGlobalSection
EndGlobal
